
Microsoft Visual Studio Solution File, Format Version 12.00
# Visual Studio Version 17
VisualStudioVersion = 17.5.33502.453
MinimumVisualStudioVersion = 10.0.40219.1
Project("{FAE04EC0-301F-11D3-BF4B-00C04F79EFBC}") = "Core_EFApi", "Core_EFApi.csproj", "{D601CA52-F448-4284-8237-C17647E8D717}"
EndProject
Global
	GlobalSection(SolutionConfigurationPlatforms) = preSolution
		Debug|Any CPU = Debug|Any CPU
		Release|Any CPU = Release|Any CPU
	EndGlobalSection
	GlobalSection(ProjectConfigurationPlatforms) = postSolution
		{D601CA52-F448-4284-8237-C17647E8D717}.Debug|Any CPU.ActiveCfg = Debug|Any CPU
		{D601CA52-F448-4284-8237-C17647E8D717}.Debug|Any CPU.Build.0 = Debug|Any CPU
		{D601CA52-F448-4284-8237-C17647E8D717}.Release|Any CPU.ActiveCfg = Release|Any CPU
		{D601CA52-F448-4284-8237-C17647E8D717}.Release|Any CPU.Build.0 = Release|Any CPU
	EndGlobalSection
	GlobalSection(SolutionProperties) = preSolution
		HideSolutionNode = FALSE
	EndGlobalSection
	GlobalSection(ExtensibilityGlobals) = postSolution
		SolutionGuid = {F4BB43AD-52F1-4082-A77F-5DC27CC377E5}
	EndGlobalSection
EndGlobal
